
Microsoft Visual Studio Solution File, Format Version 12.00
# Visual Studio Version 17
VisualStudioVersion = 17.10.35027.167
MinimumVisualStudioVersion = 10.0.40219.1
Project("{FAE04EC0-301F-11D3-BF4B-00C04F79EFBC}") = "Ignacio_LabAct3", "Ignacio_LabAct3.csproj", "{FA3B205B-60EF-4CD6-B1ED-13BC39FF7D61}"
EndProject
Global
	GlobalSection(SolutionConfigurationPlatforms) = preSolution
		Debug|Any CPU = Debug|Any CPU
		Release|Any CPU = Release|Any CPU
	EndGlobalSection
	GlobalSection(ProjectConfigurationPlatforms) = postSolution
		{FA3B205B-60EF-4CD6-B1ED-13BC39FF7D61}.Debug|Any CPU.ActiveCfg = Debug|Any CPU
		{FA3B205B-60EF-4CD6-B1ED-13BC39FF7D61}.Debug|Any CPU.Build.0 = Debug|Any CPU
		{FA3B205B-60EF-4CD6-B1ED-13BC39FF7D61}.Release|Any CPU.ActiveCfg = Release|Any CPU
		{FA3B205B-60EF-4CD6-B1ED-13BC39FF7D61}.Release|Any CPU.Build.0 = Release|Any CPU
	EndGlobalSection
	GlobalSection(SolutionProperties) = preSolution
		HideSolutionNode = FALSE
	EndGlobalSection
	GlobalSection(ExtensibilityGlobals) = postSolution
		SolutionGuid = {5AE8586B-8E6B-4912-B1D3-3E0A4EEB05D8}
	EndGlobalSection
EndGlobal
